
Microsoft Visual Studio Solution File, Format Version 12.00
# Visual Studio Version 16
VisualStudioVersion = 16.0.28803.202
MinimumVisualStudioVersion = 10.0.40219.1
Project("{FAE04EC0-301F-11D3-BF4B-00C04F79EFBC}") = "Convert3DFile", "Convert3DFile\Convert3DFile.csproj", "{B72BF540-E1EE-48B1-913F-FD109A6756EC}"
EndProject
Global
	GlobalSection(SolutionConfigurationPlatforms) = preSolution
		Debug|Any CPU = Debug|Any CPU
		Release|Any CPU = Release|Any CPU
	EndGlobalSection
	GlobalSection(ProjectConfigurationPlatforms) = postSolution
		{B72BF540-E1EE-48B1-913F-FD109A6756EC}.Debug|Any CPU.ActiveCfg = Debug|Any CPU
		{B72BF540-E1EE-48B1-913F-FD109A6756EC}.Debug|Any CPU.Build.0 = Debug|Any CPU
		{B72BF540-E1EE-48B1-913F-FD109A6756EC}.Release|Any CPU.ActiveCfg = Release|Any CPU
		{B72BF540-E1EE-48B1-913F-FD109A6756EC}.Release|Any CPU.Build.0 = Release|Any CPU
	EndGlobalSection
	GlobalSection(SolutionProperties) = preSolution
		HideSolutionNode = FALSE
	EndGlobalSection
	GlobalSection(ExtensibilityGlobals) = postSolution
		SolutionGuid = {8492D1B3-A7DD-44D9-88B8-46A4187B7E49}
	EndGlobalSection
EndGlobal
