
Microsoft Visual Studio Solution File, Format Version 12.00
# Visual Studio Version 16
VisualStudioVersion = 16.0.28803.202
MinimumVisualStudioVersion = 10.0.40219.1
Project("{FAE04EC0-301F-11D3-BF4B-00C04F79EFBC}") = "Convert3DFile", "Convert3DFile\Convert3DFile.csproj", "{B72BF540-E1EE-48B1-913F-FD109A6756EC}"
EndProject
Project("{FAE04EC0-301F-11D3-BF4B-00C04F79EFBC}") = "ConverterLibrary", "ConverterLibrary\ConverterLibrary.csproj", "{73982CF3-D1C4-41ED-81D8-ACF0ED4B0B9C}"
EndProject
Project("{FAE04EC0-301F-11D3-BF4B-00C04F79EFBC}") = "ConverterTest", "ConverterTest\ConverterTest.csproj", "{41FF7A3A-0D73-4433-A573-46E575A11E29}"
EndProject
Global
	GlobalSection(SolutionConfigurationPlatforms) = preSolution
		Debug|Any CPU = Debug|Any CPU
		Release|Any CPU = Release|Any CPU
	EndGlobalSection
	GlobalSection(ProjectConfigurationPlatforms) = postSolution
		{B72BF540-E1EE-48B1-913F-FD109A6756EC}.Debug|Any CPU.ActiveCfg = Debug|Any CPU
		{B72BF540-E1EE-48B1-913F-FD109A6756EC}.Debug|Any CPU.Build.0 = Debug|Any CPU
		{B72BF540-E1EE-48B1-913F-FD109A6756EC}.Release|Any CPU.ActiveCfg = Release|Any CPU
		{B72BF540-E1EE-48B1-913F-FD109A6756EC}.Release|Any CPU.Build.0 = Release|Any CPU
		{73982CF3-D1C4-41ED-81D8-ACF0ED4B0B9C}.Debug|Any CPU.ActiveCfg = Debug|Any CPU
		{73982CF3-D1C4-41ED-81D8-ACF0ED4B0B9C}.Debug|Any CPU.Build.0 = Debug|Any CPU
		{73982CF3-D1C4-41ED-81D8-ACF0ED4B0B9C}.Release|Any CPU.ActiveCfg = Release|Any CPU
		{73982CF3-D1C4-41ED-81D8-ACF0ED4B0B9C}.Release|Any CPU.Build.0 = Release|Any CPU
		{41FF7A3A-0D73-4433-A573-46E575A11E29}.Debug|Any CPU.ActiveCfg = Debug|Any CPU
		{41FF7A3A-0D73-4433-A573-46E575A11E29}.Debug|Any CPU.Build.0 = Debug|Any CPU
		{41FF7A3A-0D73-4433-A573-46E575A11E29}.Release|Any CPU.ActiveCfg = Release|Any CPU
		{41FF7A3A-0D73-4433-A573-46E575A11E29}.Release|Any CPU.Build.0 = Release|Any CPU
	EndGlobalSection
	GlobalSection(SolutionProperties) = preSolution
		HideSolutionNode = FALSE
	EndGlobalSection
	GlobalSection(ExtensibilityGlobals) = postSolution
		SolutionGuid = {8492D1B3-A7DD-44D9-88B8-46A4187B7E49}
	EndGlobalSection
EndGlobal
